
Microsoft Visual Studio Solution File, Format Version 12.00
# Visual Studio Version 16
VisualStudioVersion = 16.0.30804.86
MinimumVisualStudioVersion = 10.0.40219.1
Project("{FAE04EC0-301F-11D3-BF4B-00C04F79EFBC}") = "SQLiteDapperHomeworkUI", "SQLiteDapperHomeworkUI\SQLiteDapperHomeworkUI.csproj", "{DED4842C-0F63-49CD-905E-04F8494D7B1F}"
EndProject
Project("{FAE04EC0-301F-11D3-BF4B-00C04F79EFBC}") = "DataAccessLibrary", "DataAccessLibrary\DataAccessLibrary.csproj", "{B140D854-5D6F-4AA5-9B7A-EE30A55A0998}"
EndProject
Global
	GlobalSection(SolutionConfigurationPlatforms) = preSolution
		Debug|Any CPU = Debug|Any CPU
		Release|Any CPU = Release|Any CPU
	EndGlobalSection
	GlobalSection(ProjectConfigurationPlatforms) = postSolution
		{DED4842C-0F63-49CD-905E-04F8494D7B1F}.Debug|Any CPU.ActiveCfg = Debug|Any CPU
		{DED4842C-0F63-49CD-905E-04F8494D7B1F}.Debug|Any CPU.Build.0 = Debug|Any CPU
		{DED4842C-0F63-49CD-905E-04F8494D7B1F}.Release|Any CPU.ActiveCfg = Release|Any CPU
		{DED4842C-0F63-49CD-905E-04F8494D7B1F}.Release|Any CPU.Build.0 = Release|Any CPU
		{B140D854-5D6F-4AA5-9B7A-EE30A55A0998}.Debug|Any CPU.ActiveCfg = Debug|Any CPU
		{B140D854-5D6F-4AA5-9B7A-EE30A55A0998}.Debug|Any CPU.Build.0 = Debug|Any CPU
		{B140D854-5D6F-4AA5-9B7A-EE30A55A0998}.Release|Any CPU.ActiveCfg = Release|Any CPU
		{B140D854-5D6F-4AA5-9B7A-EE30A55A0998}.Release|Any CPU.Build.0 = Release|Any CPU
	EndGlobalSection
	GlobalSection(SolutionProperties) = preSolution
		HideSolutionNode = FALSE
	EndGlobalSection
	GlobalSection(ExtensibilityGlobals) = postSolution
		SolutionGuid = {5C071016-33B7-4C00-A92D-95AF93FE36E8}
	EndGlobalSection
EndGlobal
